{
  "name": "my-app",
  "version": "1.0.0",
  "lockfileVersion": 3,
  "requires": true,
  "packages": {
    "": {
      "name": "my-app",
      "version": "1.0.0",
      "license": "ISC",
      "dependencies": {
        "my-utils": "file:../my-utils"
      }
    },
    "../my-utils": {
      "version": "1.0.0",
      "license": "ISC"
    },
    "node_modules/my-utils": {
      "resolved": "../my-utils",
      "link": true
    }
  }
}
